
Microsoft Visual Studio Solution File, Format Version 12.00
# Visual Studio Version 17
VisualStudioVersion = 17.9.34622.214
MinimumVisualStudioVersion = 10.0.40219.1
Project("{FAE04EC0-301F-11D3-BF4B-00C04F79EFBC}") = "primeraEntrega", "primeraEntrega\primeraEntrega.csproj", "{A8C13634-2792-4C8D-A408-782F1E4375DD}"
EndProject
Global
	GlobalSection(SolutionConfigurationPlatforms) = preSolution
		Debug|Any CPU = Debug|Any CPU
		Release|Any CPU = Release|Any CPU
	EndGlobalSection
	GlobalSection(ProjectConfigurationPlatforms) = postSolution
		{A8C13634-2792-4C8D-A408-782F1E4375DD}.Debug|Any CPU.ActiveCfg = Debug|Any CPU
		{A8C13634-2792-4C8D-A408-782F1E4375DD}.Debug|Any CPU.Build.0 = Debug|Any CPU
		{A8C13634-2792-4C8D-A408-782F1E4375DD}.Release|Any CPU.ActiveCfg = Release|Any CPU
		{A8C13634-2792-4C8D-A408-782F1E4375DD}.Release|Any CPU.Build.0 = Release|Any CPU
	EndGlobalSection
	GlobalSection(SolutionProperties) = preSolution
		HideSolutionNode = FALSE
	EndGlobalSection
	GlobalSection(ExtensibilityGlobals) = postSolution
		SolutionGuid = {BDA4CED2-1190-4674-ACA4-FFCBD55E2CA7}
	EndGlobalSection
EndGlobal
